// !$*UTF8*$!
{
	archiveVersion = 1;
	classes = {
	};
	objectVersion = 46;
	objects = {

/* Begin PBXBuildFile section */
		0D705F31E974106B48F6DD87 /* libPods-TRAutocompleteViewDemo.a in Frameworks */ = {isa = PBXBuildFile; fileRef = ADEBACEB8189910CB322BAE9 /* libPods-TRAutocompleteViewDemo.a */; };
		6907606835FD3267D373C2E5 /* TRGoogleMapsSuggestion.m in Sources */ = {isa = PBXBuildFile; fileRef = 6907621990C7FFD5BD443369 /* TRGoogleMapsSuggestion.m */; };
		6907637E09CE6E2DEDAC11C6 /* TRGoogleMapsAutocompletionCellFactory.m in Sources */ = {isa = PBXBuildFile; fileRef = 69076D362CA3A53D355CA8FE /* TRGoogleMapsAutocompletionCellFactory.m */; };
		69076555E9E9B6B85EC7C706 /* debut_dark.png in Resources */ = {isa = PBXBuildFile; fileRef = 69076AFBF73396D572C1A027 /* debut_dark.png */; };
		69076AE5138352DEDA7B55D5 /* debut_dark_@2X.png in Resources */ = {isa = PBXBuildFile; fileRef = 690767C6EE680222C8BBC046 /* debut_dark_@2X.png */; };
		76272FC416DE7DF8002B848B /* TRStringExtensions.m in Sources */ = {isa = PBXBuildFile; fileRef = 76272FC116DE7DF8002B848B /* TRStringExtensions.m */; };
		76272FC516DE7DF8002B848B /* TRTextFieldExtensions.m in Sources */ = {isa = PBXBuildFile; fileRef = 76272FC316DE7DF8002B848B /* TRTextFieldExtensions.m */; };
		767D03DE16EE228D0051925C /* CoreLocation.framework in Frameworks */ = {isa = PBXBuildFile; fileRef = 767D03DD16EE228D0051925C /* CoreLocation.framework */; };
		76E6DCB416DE10E500F53C02 /* UIKit.framework in Frameworks */ = {isa = PBXBuildFile; fileRef = 76E6DCB316DE10E500F53C02 /* UIKit.framework */; };
		76E6DCB616DE10E500F53C02 /* Foundation.framework in Frameworks */ = {isa = PBXBuildFile; fileRef = 76E6DCB516DE10E500F53C02 /* Foundation.framework */; };
		76E6DCB816DE10E500F53C02 /* CoreGraphics.framework in Frameworks */ = {isa = PBXBuildFile; fileRef = 76E6DCB716DE10E500F53C02 /* CoreGraphics.framework */; };
		76E6DCBE16DE10E500F53C02 /* InfoPlist.strings in Resources */ = {isa = PBXBuildFile; fileRef = 76E6DCBC16DE10E500F53C02 /* InfoPlist.strings */; };
		76E6DCC016DE10E500F53C02 /* main.m in Sources */ = {isa = PBXBuildFile; fileRef = 76E6DCBF16DE10E500F53C02 /* main.m */; };
		76E6DCC416DE10E500F53C02 /* TRAppDelegate.m in Sources */ = {isa = PBXBuildFile; fileRef = 76E6DCC316DE10E500F53C02 /* TRAppDelegate.m */; };
		76E6DCC616DE10E500F53C02 /* Default.png in Resources */ = {isa = PBXBuildFile; fileRef = 76E6DCC516DE10E500F53C02 /* Default.png */; };
		76E6DCC816DE10E500F53C02 /* Default@2x.png in Resources */ = {isa = PBXBuildFile; fileRef = 76E6DCC716DE10E500F53C02 /* Default@2x.png */; };
		76E6DCCA16DE10E500F53C02 /* Default-568h@2x.png in Resources */ = {isa = PBXBuildFile; fileRef = 76E6DCC916DE10E500F53C02 /* Default-568h@2x.png */; };
		76E6DCCD16DE10E500F53C02 /* MainStoryboard_iPhone.storyboard in Resources */ = {isa = PBXBuildFile; fileRef = 76E6DCCB16DE10E500F53C02 /* MainStoryboard_iPhone.storyboard */; };
		76E6DCD016DE10E500F53C02 /* MainStoryboard_iPad.storyboard in Resources */ = {isa = PBXBuildFile; fileRef = 76E6DCCE16DE10E500F53C02 /* MainStoryboard_iPad.storyboard */; };
		76E6DCD316DE10E500F53C02 /* TRViewController.m in Sources */ = {isa = PBXBuildFile; fileRef = 76E6DCD216DE10E500F53C02 /* TRViewController.m */; };
		76E6DCE116DE129C00F53C02 /* TRAutocompleteView.m in Sources */ = {isa = PBXBuildFile; fileRef = 76E6DCDC16DE129C00F53C02 /* TRAutocompleteView.m */; };
		76E6DCE316DE129C00F53C02 /* TRGoogleMapsAutocompleteItemsSource.m in Sources */ = {isa = PBXBuildFile; fileRef = 76E6DCE016DE129C00F53C02 /* TRGoogleMapsAutocompleteItemsSource.m */; };
/* End PBXBuildFile section */

/* Begin PBXFileReference section */
		5C5E7F557EA4C0A65189A475 /* Pods-TRAutocompleteViewDemo.debug.xcconfig */ = {isa = PBXFileReference; includeInIndex = 1; lastKnownFileType = text.xcconfig; name = "Pods-TRAutocompleteViewDemo.debug.xcconfig"; path = "Pods/Target Support Files/Pods-TRAutocompleteViewDemo/Pods-TRAutocompleteViewDemo.debug.xcconfig"; sourceTree = "<group>"; };
		690761032FB6752BE3865BC9 /* TRGoogleMapsSuggestion.h */ = {isa = PBXFileReference; fileEncoding = 4; lastKnownFileType = sourcecode.c.h; name = TRGoogleMapsSuggestion.h; path = ../src/TRGoogleMapsSuggestion.h; sourceTree = "<group>"; };
		690761A93BAD2B56EB2C90B7 /* TRAutocompletionCellFactory.h */ = {isa = PBXFileReference; fileEncoding = 4; lastKnownFileType = sourcecode.c.h; name = TRAutocompletionCellFactory.h; path = ../src/TRAutocompletionCellFactory.h; sourceTree = "<group>"; };
		6907621990C7FFD5BD443369 /* TRGoogleMapsSuggestion.m */ = {isa = PBXFileReference; fileEncoding = 4; lastKnownFileType = sourcecode.c.objc; name = TRGoogleMapsSuggestion.m; path = ../src/TRGoogleMapsSuggestion.m; sourceTree = "<group>"; };
		690767C6EE680222C8BBC046 /* debut_dark_@2X.png */ = {isa = PBXFileReference; lastKnownFileType = image.png; path = "debut_dark_@2X.png"; sourceTree = "<group>"; };
		69076AFBF73396D572C1A027 /* debut_dark.png */ = {isa = PBXFileReference; lastKnownFileType = image.png; path = debut_dark.png; sourceTree = "<group>"; };
		69076BB40AB16C7BEE5CE7F7 /* TRGoogleMapsAutocompletionCellFactory.h */ = {isa = PBXFileReference; fileEncoding = 4; lastKnownFileType = sourcecode.c.h; name = TRGoogleMapsAutocompletionCellFactory.h; path = ../src/TRGoogleMapsAutocompletionCellFactory.h; sourceTree = "<group>"; };
		69076D362CA3A53D355CA8FE /* TRGoogleMapsAutocompletionCellFactory.m */ = {isa = PBXFileReference; fileEncoding = 4; lastKnownFileType = sourcecode.c.objc; name = TRGoogleMapsAutocompletionCellFactory.m; path = ../src/TRGoogleMapsAutocompletionCellFactory.m; sourceTree = "<group>"; };
		76272FC016DE7DF8002B848B /* TRStringExtensions.h */ = {isa = PBXFileReference; fileEncoding = 4; lastKnownFileType = sourcecode.c.h; name = TRStringExtensions.h; path = ../src/TRStringExtensions.h; sourceTree = "<group>"; };
		76272FC116DE7DF8002B848B /* TRStringExtensions.m */ = {isa = PBXFileReference; fileEncoding = 4; lastKnownFileType = sourcecode.c.objc; name = TRStringExtensions.m; path = ../src/TRStringExtensions.m; sourceTree = "<group>"; };
		76272FC216DE7DF8002B848B /* TRTextFieldExtensions.h */ = {isa = PBXFileReference; fileEncoding = 4; lastKnownFileType = sourcecode.c.h; name = TRTextFieldExtensions.h; path = ../src/TRTextFieldExtensions.h; sourceTree = "<group>"; };
		76272FC316DE7DF8002B848B /* TRTextFieldExtensions.m */ = {isa = PBXFileReference; fileEncoding = 4; lastKnownFileType = sourcecode.c.objc; name = TRTextFieldExtensions.m; path = ../src/TRTextFieldExtensions.m; sourceTree = "<group>"; };
		767D03DD16EE228D0051925C /* CoreLocation.framework */ = {isa = PBXFileReference; lastKnownFileType = wrapper.framework; name = CoreLocation.framework; path = System/Library/Frameworks/CoreLocation.framework; sourceTree = SDKROOT; };
		76E6DCB016DE10E500F53C02 /* TRAutocompleteViewDemo.app */ = {isa = PBXFileReference; explicitFileType = wrapper.application; includeInIndex = 0; path = TRAutocompleteViewDemo.app; sourceTree = BUILT_PRODUCTS_DIR; };
		76E6DCB316DE10E500F53C02 /* UIKit.framework */ = {isa = PBXFileReference; lastKnownFileType = wrapper.framework; name = UIKit.framework; path = System/Library/Frameworks/UIKit.framework; sourceTree = SDKROOT; };
		76E6DCB516DE10E500F53C02 /* Foundation.framework */ = {isa = PBXFileReference; lastKnownFileType = wrapper.framework; name = Foundation.framework; path = System/Library/Frameworks/Foundation.framework; sourceTree = SDKROOT; };
		76E6DCB716DE10E500F53C02 /* CoreGraphics.framework */ = {isa = PBXFileReference; lastKnownFileType = wrapper.framework; name = CoreGraphics.framework; path = System/Library/Frameworks/CoreGraphics.framework; sourceTree = SDKROOT; };
		76E6DCBB16DE10E500F53C02 /* TRAutocompleteViewDemo-Info.plist */ = {isa = PBXFileReference; lastKnownFileType = text.plist.xml; path = "TRAutocompleteViewDemo-Info.plist"; sourceTree = "<group>"; };
		76E6DCBD16DE10E500F53C02 /* en */ = {isa = PBXFileReference; lastKnownFileType = text.plist.strings; name = en; path = en.lproj/InfoPlist.strings; sourceTree = "<group>"; };
		76E6DCBF16DE10E500F53C02 /* main.m */ = {isa = PBXFileReference; lastKnownFileType = sourcecode.c.objc; path = main.m; sourceTree = "<group>"; };
		76E6DCC116DE10E500F53C02 /* TRAutocompleteViewDemo-Prefix.pch */ = {isa = PBXFileReference; lastKnownFileType = sourcecode.c.h; path = "TRAutocompleteViewDemo-Prefix.pch"; sourceTree = "<group>"; };
		76E6DCC216DE10E500F53C02 /* TRAppDelegate.h */ = {isa = PBXFileReference; lastKnownFileType = sourcecode.c.h; path = TRAppDelegate.h; sourceTree = "<group>"; };
		76E6DCC316DE10E500F53C02 /* TRAppDelegate.m */ = {isa = PBXFileReference; lastKnownFileType = sourcecode.c.objc; path = TRAppDelegate.m; sourceTree = "<group>"; };
		76E6DCC516DE10E500F53C02 /* Default.png */ = {isa = PBXFileReference; lastKnownFileType = image.png; path = Default.png; sourceTree = "<group>"; };
		76E6DCC716DE10E500F53C02 /* Default@2x.png */ = {isa = PBXFileReference; lastKnownFileType = image.png; path = "Default@2x.png"; sourceTree = "<group>"; };
		76E6DCC916DE10E500F53C02 /* Default-568h@2x.png */ = {isa = PBXFileReference; lastKnownFileType = image.png; path = "Default-568h@2x.png"; sourceTree = "<group>"; };
		76E6DCCC16DE10E500F53C02 /* en */ = {isa = PBXFileReference; lastKnownFileType = file.storyboard; name = en; path = en.lproj/MainStoryboard_iPhone.storyboard; sourceTree = "<group>"; };
		76E6DCCF16DE10E500F53C02 /* en */ = {isa = PBXFileReference; lastKnownFileType = file.storyboard; name = en; path = en.lproj/MainStoryboard_iPad.storyboard; sourceTree = "<group>"; };
		76E6DCD116DE10E500F53C02 /* TRViewController.h */ = {isa = PBXFileReference; lastKnownFileType = sourcecode.c.h; path = TRViewController.h; sourceTree = "<group>"; };
		76E6DCD216DE10E500F53C02 /* TRViewController.m */ = {isa = PBXFileReference; lastKnownFileType = sourcecode.c.objc; path = TRViewController.m; sourceTree = "<group>"; };
		76E6DCDA16DE129C00F53C02 /* TRAutocompleteItemsSource.h */ = {isa = PBXFileReference; fileEncoding = 4; lastKnownFileType = sourcecode.c.h; name = TRAutocompleteItemsSource.h; path = ../src/TRAutocompleteItemsSource.h; sourceTree = "<group>"; };
		76E6DCDB16DE129C00F53C02 /* TRAutocompleteView.h */ = {isa = PBXFileReference; fileEncoding = 4; lastKnownFileType = sourcecode.c.h; name = TRAutocompleteView.h; path = ../src/TRAutocompleteView.h; sourceTree = "<group>"; };
		76E6DCDC16DE129C00F53C02 /* TRAutocompleteView.m */ = {isa = PBXFileReference; fileEncoding = 4; lastKnownFileType = sourcecode.c.objc; name = TRAutocompleteView.m; path = ../src/TRAutocompleteView.m; sourceTree = "<group>"; };
		76E6DCDF16DE129C00F53C02 /* TRGoogleMapsAutocompleteItemsSource.h */ = {isa = PBXFileReference; fileEncoding = 4; lastKnownFileType = sourcecode.c.h; name = TRGoogleMapsAutocompleteItemsSource.h; path = ../src/TRGoogleMapsAutocompleteItemsSource.h; sourceTree = "<group>"; };
		76E6DCE016DE129C00F53C02 /* TRGoogleMapsAutocompleteItemsSource.m */ = {isa = PBXFileReference; fileEncoding = 4; lastKnownFileType = sourcecode.c.objc; name = TRGoogleMapsAutocompleteItemsSource.m; path = ../src/TRGoogleMapsAutocompleteItemsSource.m; sourceTree = "<group>"; };
		ADEBACEB8189910CB322BAE9 /* libPods-TRAutocompleteViewDemo.a */ = {isa = PBXFileReference; explicitFileType = archive.ar; includeInIndex = 0; path = "libPods-TRAutocompleteViewDemo.a"; sourceTree = BUILT_PRODUCTS_DIR; };
		C9354BAFFEFBAD2C337B83CC /* Pods-TRAutocompleteViewDemo.release.xcconfig */ = {isa = PBXFileReference; includeInIndex = 1; lastKnownFileType = text.xcconfig; name = "Pods-TRAutocompleteViewDemo.release.xcconfig"; path = "Pods/Target Support Files/Pods-TRAutocompleteViewDemo/Pods-TRAutocompleteViewDemo.release.xcconfig"; sourceTree = "<group>"; };
/* End PBXFileReference section */

/* Begin PBXFrameworksBuildPhase section */
		76E6DCAD16DE10E500F53C02 /* Frameworks */ = {
			isa = PBXFrameworksBuildPhase;
			buildActionMask = 2147483647;
			files = (
				767D03DE16EE228D0051925C /* CoreLocation.framework in Frameworks */,
				76E6DCB416DE10E500F53C02 /* UIKit.framework in Frameworks */,
				76E6DCB616DE10E500F53C02 /* Foundation.framework in Frameworks */,
				76E6DCB816DE10E500F53C02 /* CoreGraphics.framework in Frameworks */,
				0D705F31E974106B48F6DD87 /* libPods-TRAutocompleteViewDemo.a in Frameworks */,
			);
			runOnlyForDeploymentPostprocessing = 0;
		};
/* End PBXFrameworksBuildPhase section */

/* Begin PBXGroup section */
		54D2ABF54F537FB882A1C75A /* Pods */ = {
			isa = PBXGroup;
			children = (
				5C5E7F557EA4C0A65189A475 /* Pods-TRAutocompleteViewDemo.debug.xcconfig */,
				C9354BAFFEFBAD2C337B83CC /* Pods-TRAutocompleteViewDemo.release.xcconfig */,
			);
			name = Pods;
			sourceTree = "<group>";
		};
		6907600F96062972EB3D7C2F /* Extensions */ = {
			isa = PBXGroup;
			children = (
				76272FC316DE7DF8002B848B /* TRTextFieldExtensions.m */,
				76272FC216DE7DF8002B848B /* TRTextFieldExtensions.h */,
				76272FC016DE7DF8002B848B /* TRStringExtensions.h */,
				76272FC116DE7DF8002B848B /* TRStringExtensions.m */,
			);
			name = Extensions;
			sourceTree = "<group>";
		};
		690761762B7F1B27B7986827 /* GoogleMaps */ = {
			isa = PBXGroup;
			children = (
				76E6DCE016DE129C00F53C02 /* TRGoogleMapsAutocompleteItemsSource.m */,
				76E6DCDF16DE129C00F53C02 /* TRGoogleMapsAutocompleteItemsSource.h */,
				6907621990C7FFD5BD443369 /* TRGoogleMapsSuggestion.m */,
				690761032FB6752BE3865BC9 /* TRGoogleMapsSuggestion.h */,
				69076BB40AB16C7BEE5CE7F7 /* TRGoogleMapsAutocompletionCellFactory.h */,
				69076D362CA3A53D355CA8FE /* TRGoogleMapsAutocompletionCellFactory.m */,
			);
			name = GoogleMaps;
			sourceTree = "<group>";
		};
		690763D6A9A217A454AB8187 /* thirdparty */ = {
			isa = PBXGroup;
			children = (
				69076A3DCC5965F98581CA8C /* AFNetworking */,
			);
			name = thirdparty;
			sourceTree = "<group>";
		};
		69076A3DCC5965F98581CA8C /* AFNetworking */ = {
			isa = PBXGroup;
			children = (
			);
			name = AFNetworking;
			sourceTree = "<group>";
		};
		76E6DCA716DE10E500F53C02 = {
			isa = PBXGroup;
			children = (
				76E6DCD916DE128900F53C02 /* src */,
				76E6DCB916DE10E500F53C02 /* TRAutocompleteViewDemo */,
				76E6DCB216DE10E500F53C02 /* Frameworks */,
				76E6DCB116DE10E500F53C02 /* Products */,
				690763D6A9A217A454AB8187 /* thirdparty */,
				54D2ABF54F537FB882A1C75A /* Pods */,
			);
			sourceTree = "<group>";
		};
		76E6DCB116DE10E500F53C02 /* Products */ = {
			isa = PBXGroup;
			children = (
				76E6DCB016DE10E500F53C02 /* TRAutocompleteViewDemo.app */,
			);
			name = Products;
			sourceTree = "<group>";
		};
		76E6DCB216DE10E500F53C02 /* Frameworks */ = {
			isa = PBXGroup;
			children = (
				767D03DD16EE228D0051925C /* CoreLocation.framework */,
				76E6DCB316DE10E500F53C02 /* UIKit.framework */,
				76E6DCB516DE10E500F53C02 /* Foundation.framework */,
				76E6DCB716DE10E500F53C02 /* CoreGraphics.framework */,
				ADEBACEB8189910CB322BAE9 /* libPods-TRAutocompleteViewDemo.a */,
			);
			name = Frameworks;
			sourceTree = "<group>";
		};
		76E6DCB916DE10E500F53C02 /* TRAutocompleteViewDemo */ = {
			isa = PBXGroup;
			children = (
				76E6DCC216DE10E500F53C02 /* TRAppDelegate.h */,
				76E6DCC316DE10E500F53C02 /* TRAppDelegate.m */,
				76E6DCCB16DE10E500F53C02 /* MainStoryboard_iPhone.storyboard */,
				76E6DCCE16DE10E500F53C02 /* MainStoryboard_iPad.storyboard */,
				76E6DCD116DE10E500F53C02 /* TRViewController.h */,
				76E6DCD216DE10E500F53C02 /* TRViewController.m */,
				76E6DCBA16DE10E500F53C02 /* Supporting Files */,
			);
			path = TRAutocompleteViewDemo;
			sourceTree = "<group>";
		};
		76E6DCBA16DE10E500F53C02 /* Supporting Files */ = {
			isa = PBXGroup;
			children = (
				76E6DCBB16DE10E500F53C02 /* TRAutocompleteViewDemo-Info.plist */,
				76E6DCBC16DE10E500F53C02 /* InfoPlist.strings */,
				76E6DCBF16DE10E500F53C02 /* main.m */,
				76E6DCC116DE10E500F53C02 /* TRAutocompleteViewDemo-Prefix.pch */,
				76E6DCC516DE10E500F53C02 /* Default.png */,
				76E6DCC716DE10E500F53C02 /* Default@2x.png */,
				76E6DCC916DE10E500F53C02 /* Default-568h@2x.png */,
				690767C6EE680222C8BBC046 /* debut_dark_@2X.png */,
				69076AFBF73396D572C1A027 /* debut_dark.png */,
			);
			name = "Supporting Files";
			sourceTree = "<group>";
		};
		76E6DCD916DE128900F53C02 /* src */ = {
			isa = PBXGroup;
			children = (
				76E6DCDB16DE129C00F53C02 /* TRAutocompleteView.h */,
				76E6DCDC16DE129C00F53C02 /* TRAutocompleteView.m */,
				690761762B7F1B27B7986827 /* GoogleMaps */,
				6907600F96062972EB3D7C2F /* Extensions */,
				76E6DCDA16DE129C00F53C02 /* TRAutocompleteItemsSource.h */,
				690761A93BAD2B56EB2C90B7 /* TRAutocompletionCellFactory.h */,
			);
			name = src;
			sourceTree = "<group>";
		};
/* End PBXGroup section */

/* Begin PBXNativeTarget section */
		76E6DCAF16DE10E500F53C02 /* TRAutocompleteViewDemo */ = {
			isa = PBXNativeTarget;
			buildConfigurationList = 76E6DCD616DE10E500F53C02 /* Build configuration list for PBXNativeTarget "TRAutocompleteViewDemo" */;
			buildPhases = (
				BED854539FC7C84ECB942A09 /* [CP] Check Pods Manifest.lock */,
				76E6DCAC16DE10E500F53C02 /* Sources */,
				76E6DCAD16DE10E500F53C02 /* Frameworks */,
				76E6DCAE16DE10E500F53C02 /* Resources */,
				47491FA0591E3EE161150704 /* [CP] Embed Pods Frameworks */,
				844EF8D42FC386BFBA31B5C0 /* [CP] Copy Pods Resources */,
			);
			buildRules = (
			);
			dependencies = (
			);
			name = TRAutocompleteViewDemo;
			productName = TRAutocompleteViewDemo;
			productReference = 76E6DCB016DE10E500F53C02 /* TRAutocompleteViewDemo.app */;
			productType = "com.apple.product-type.application";
		};
/* End PBXNativeTarget section */

/* Begin PBXProject section */
		76E6DCA816DE10E500F53C02 /* Project object */ = {
			isa = PBXProject;
			attributes = {
				CLASSPREFIX = TR;
				LastUpgradeCheck = 0460;
				ORGANIZATIONNAME = "Taras Roshko";
			};
			buildConfigurationList = 76E6DCAB16DE10E500F53C02 /* Build configuration list for PBXProject "TRAutocompleteViewDemo" */;
			compatibilityVersion = "Xcode 3.2";
			developmentRegion = English;
			hasScannedForEncodings = 0;
			knownRegions = (
				en,
			);
			mainGroup = 76E6DCA716DE10E500F53C02;
			productRefGroup = 76E6DCB116DE10E500F53C02 /* Products */;
			projectDirPath = "";
			projectRoot = "";
			targets = (
				76E6DCAF16DE10E500F53C02 /* TRAutocompleteViewDemo */,
			);
		};
/* End PBXProject section */

/* Begin PBXResourcesBuildPhase section */
		76E6DCAE16DE10E500F53C02 /* Resources */ = {
			isa = PBXResourcesBuildPhase;
			buildActionMask = 2147483647;
			files = (
				76E6DCBE16DE10E500F53C02 /* InfoPlist.strings in Resources */,
				76E6DCC616DE10E500F53C02 /* Default.png in Resources */,
				76E6DCC816DE10E500F53C02 /* Default@2x.png in Resources */,
				76E6DCCA16DE10E500F53C02 /* Default-568h@2x.png in Resources */,
				76E6DCCD16DE10E500F53C02 /* MainStoryboard_iPhone.storyboard in Resources */,
				76E6DCD016DE10E500F53C02 /* MainStoryboard_iPad.storyboard in Resources */,
				69076AE5138352DEDA7B55D5 /* debut_dark_@2X.png in Resources */,
				69076555E9E9B6B85EC7C706 /* debut_dark.png in Resources */,
			);
			runOnlyForDeploymentPostprocessing = 0;
		};
/* End PBXResourcesBuildPhase section */

/* Begin PBXShellScriptBuildPhase section */
		47491FA0591E3EE161150704 /* [CP] Embed Pods Frameworks */ = {
			isa = PBXShellScriptBuildPhase;
			buildActionMask = 2147483647;
			files = (
			);
			inputPaths = (
			);
			name = "[CP] Embed Pods Frameworks";
			outputPaths = (
			);
			runOnlyForDeploymentPostprocessing = 0;
			shellPath = /bin/sh;
			shellScript = "\"${SRCROOT}/Pods/Target Support Files/Pods-TRAutocompleteViewDemo/Pods-TRAutocompleteViewDemo-frameworks.sh\"\n";
			showEnvVarsInLog = 0;
		};
		844EF8D42FC386BFBA31B5C0 /* [CP] Copy Pods Resources */ = {
			isa = PBXShellScriptBuildPhase;
			buildActionMask = 2147483647;
			files = (
			);
			inputPaths = (
			);
			name = "[CP] Copy Pods Resources";
			outputPaths = (
			);
			runOnlyForDeploymentPostprocessing = 0;
			shellPath = /bin/sh;
			shellScript = "\"${SRCROOT}/Pods/Target Support Files/Pods-TRAutocompleteViewDemo/Pods-TRAutocompleteViewDemo-resources.sh\"\n";
			showEnvVarsInLog = 0;
		};
		BED854539FC7C84ECB942A09 /* [CP] Check Pods Manifest.lock */ = {
			isa = PBXShellScriptBuildPhase;
			buildActionMask = 2147483647;
			files = (
			);
			inputPaths = (
			);
			name = "[CP] Check Pods Manifest.lock";
			outputPaths = (
			);
			runOnlyForDeploymentPostprocessing = 0;
			shellPath = /bin/sh;
			shellScript = "diff \"${PODS_ROOT}/../Podfile.lock\" \"${PODS_ROOT}/Manifest.lock\" > /dev/null\nif [[ $? != 0 ]] ; then\n    cat << EOM\nerror: The sandbox is not in sync with the Podfile.lock. Run 'pod install' or update your CocoaPods installation.\nEOM\n    exit 1\nfi\n";
			showEnvVarsInLog = 0;
		};
/* End PBXShellScriptBuildPhase section */

/* Begin PBXSourcesBuildPhase section */
		76E6DCAC16DE10E500F53C02 /* Sources */ = {
			isa = PBXSourcesBuildPhase;
			buildActionMask = 2147483647;
			files = (
				76E6DCC016DE10E500F53C02 /* main.m in Sources */,
				76E6DCC416DE10E500F53C02 /* TRAppDelegate.m in Sources */,
				76E6DCD316DE10E500F53C02 /* TRViewController.m in Sources */,
				76E6DCE116DE129C00F53C02 /* TRAutocompleteView.m in Sources */,
				76E6DCE316DE129C00F53C02 /* TRGoogleMapsAutocompleteItemsSource.m in Sources */,
				6907606835FD3267D373C2E5 /* TRGoogleMapsSuggestion.m in Sources */,
				76272FC416DE7DF8002B848B /* TRStringExtensions.m in Sources */,
				76272FC516DE7DF8002B848B /* TRTextFieldExtensions.m in Sources */,
				6907637E09CE6E2DEDAC11C6 /* TRGoogleMapsAutocompletionCellFactory.m in Sources */,
			);
			runOnlyForDeploymentPostprocessing = 0;
		};
/* End PBXSourcesBuildPhase section */

/* Begin PBXVariantGroup section */
		76E6DCBC16DE10E500F53C02 /* InfoPlist.strings */ = {
			isa = PBXVariantGroup;
			children = (
				76E6DCBD16DE10E500F53C02 /* en */,
			);
			name = InfoPlist.strings;
			sourceTree = "<group>";
		};
		76E6DCCB16DE10E500F53C02 /* MainStoryboard_iPhone.storyboard */ = {
			isa = PBXVariantGroup;
			children = (
				76E6DCCC16DE10E500F53C02 /* en */,
			);
			name = MainStoryboard_iPhone.storyboard;
			sourceTree = "<group>";
		};
		76E6DCCE16DE10E500F53C02 /* MainStoryboard_iPad.storyboard */ = {
			isa = PBXVariantGroup;
			children = (
				76E6DCCF16DE10E500F53C02 /* en */,
			);
			name = MainStoryboard_iPad.storyboard;
			sourceTree = "<group>";
		};
/* End PBXVariantGroup section */

/* Begin XCBuildConfiguration section */
		76E6DCD416DE10E500F53C02 /* Debug */ = {
			isa = XCBuildConfiguration;
			buildSettings = {
				ALWAYS_SEARCH_USER_PATHS = NO;
				CLANG_CXX_LANGUAGE_STANDARD = "gnu++0x";
				CLANG_CXX_LIBRARY = "libc++";
				CLANG_ENABLE_OBJC_ARC = YES;
				CLANG_WARN_CONSTANT_CONVERSION = YES;
				CLANG_WARN_EMPTY_BODY = YES;
				CLANG_WARN_ENUM_CONVERSION = YES;
				CLANG_WARN_INT_CONVERSION = YES;
				CLANG_WARN__DUPLICATE_METHOD_MATCH = YES;
				"CODE_SIGN_IDENTITY[sdk=iphoneos*]" = "iPhone Developer";
				COPY_PHASE_STRIP = NO;
				GCC_C_LANGUAGE_STANDARD = gnu99;
				GCC_DYNAMIC_NO_PIC = NO;
				GCC_OPTIMIZATION_LEVEL = 0;
				GCC_PREPROCESSOR_DEFINITIONS = (
					"DEBUG=1",
					"$(inherited)",
				);
				GCC_SYMBOLS_PRIVATE_EXTERN = NO;
				GCC_WARN_ABOUT_RETURN_TYPE = YES;
				GCC_WARN_UNINITIALIZED_AUTOS = YES;
				GCC_WARN_UNUSED_VARIABLE = YES;
				IPHONEOS_DEPLOYMENT_TARGET = 5.1;
				ONLY_ACTIVE_ARCH = YES;
				SDKROOT = iphoneos;
				TARGETED_DEVICE_FAMILY = "1,2";
			};
			name = Debug;
		};
		76E6DCD516DE10E500F53C02 /* Release */ = {
			isa = XCBuildConfiguration;
			buildSettings = {
				ALWAYS_SEARCH_USER_PATHS = NO;
				CLANG_CXX_LANGUAGE_STANDARD = "gnu++0x";
				CLANG_CXX_LIBRARY = "libc++";
				CLANG_ENABLE_OBJC_ARC = YES;
				CLANG_WARN_CONSTANT_CONVERSION = YES;
				CLANG_WARN_EMPTY_BODY = YES;
				CLANG_WARN_ENUM_CONVERSION = YES;
				CLANG_WARN_INT_CONVERSION = YES;
				CLANG_WARN__DUPLICATE_METHOD_MATCH = YES;
				"CODE_SIGN_IDENTITY[sdk=iphoneos*]" = "iPhone Developer";
				COPY_PHASE_STRIP = YES;
				GCC_C_LANGUAGE_STANDARD = gnu99;
				GCC_WARN_ABOUT_RETURN_TYPE = YES;
				GCC_WARN_UNINITIALIZED_AUTOS = YES;
				GCC_WARN_UNUSED_VARIABLE = YES;
				IPHONEOS_DEPLOYMENT_TARGET = 5.1;
				OTHER_CFLAGS = "-DNS_BLOCK_ASSERTIONS=1";
				SDKROOT = iphoneos;
				TARGETED_DEVICE_FAMILY = "1,2";
				VALIDATE_PRODUCT = YES;
			};
			name = Release;
		};
		76E6DCD716DE10E500F53C02 /* Debug */ = {
			isa = XCBuildConfiguration;
			baseConfigurationReference = 5C5E7F557EA4C0A65189A475 /* Pods-TRAutocompleteViewDemo.debug.xcconfig */;
			buildSettings = {
				GCC_PRECOMPILE_PREFIX_HEADER = YES;
				GCC_PREFIX_HEADER = "TRAutocompleteViewDemo/TRAutocompleteViewDemo-Prefix.pch";
				INFOPLIST_FILE = "TRAutocompleteViewDemo/TRAutocompleteViewDemo-Info.plist";
				IPHONEOS_DEPLOYMENT_TARGET = 7.0;
				PRODUCT_BUNDLE_IDENTIFIER = com.google.autocompletedemo;
				PRODUCT_NAME = "$(TARGET_NAME)";
				WRAPPER_EXTENSION = app;
			};
			name = Debug;
		};
		76E6DCD816DE10E500F53C02 /* Release */ = {
			isa = XCBuildConfiguration;
			baseConfigurationReference = C9354BAFFEFBAD2C337B83CC /* Pods-TRAutocompleteViewDemo.release.xcconfig */;
			buildSettings = {
				GCC_PRECOMPILE_PREFIX_HEADER = YES;
				GCC_PREFIX_HEADER = "TRAutocompleteViewDemo/TRAutocompleteViewDemo-Prefix.pch";
				INFOPLIST_FILE = "TRAutocompleteViewDemo/TRAutocompleteViewDemo-Info.plist";
				IPHONEOS_DEPLOYMENT_TARGET = 7.0;
				PRODUCT_BUNDLE_IDENTIFIER = com.google.autocompletedemo;
				PRODUCT_NAME = "$(TARGET_NAME)";
				WRAPPER_EXTENSION = app;
			};
			name = Release;
		};
/* End XCBuildConfiguration section */

/* Begin XCConfigurationList section */
		76E6DCAB16DE10E500F53C02 /* Build configuration list for PBXProject "TRAutocompleteViewDemo" */ = {
			isa = XCConfigurationList;
			buildConfigurations = (
				76E6DCD416DE10E500F53C02 /* Debug */,
				76E6DCD516DE10E500F53C02 /* Release */,
			);
			defaultConfigurationIsVisible = 0;
			defaultConfigurationName = Release;
		};
		76E6DCD616DE10E500F53C02 /* Build configuration list for PBXNativeTarget "TRAutocompleteViewDemo" */ = {
			isa = XCConfigurationList;
			buildConfigurations = (
				76E6DCD716DE10E500F53C02 /* Debug */,
				76E6DCD816DE10E500F53C02 /* Release */,
			);
			defaultConfigurationIsVisible = 0;
			defaultConfigurationName = Release;
		};
/* End XCConfigurationList section */
	};
	rootObject = 76E6DCA816DE10E500F53C02 /* Project object */;
}
